
Microsoft Visual Studio Solution File, Format Version 12.00
# Visual Studio Version 17
VisualStudioVersion = 17.7.34031.279
MinimumVisualStudioVersion = 10.0.40219.1
Project("{FAE04EC0-301F-11D3-BF4B-00C04F79EFBC}") = "Tarea 2 Ejercicio 3", "Tarea 2 Ejercicio 3\Tarea 2 Ejercicio 3.csproj", "{15C3B130-048D-4F96-A182-DE05BB234FB3}"
EndProject
Global
	GlobalSection(SolutionConfigurationPlatforms) = preSolution
		Debug|Any CPU = Debug|Any CPU
		Release|Any CPU = Release|Any CPU
	EndGlobalSection
	GlobalSection(ProjectConfigurationPlatforms) = postSolution
		{15C3B130-048D-4F96-A182-DE05BB234FB3}.Debug|Any CPU.ActiveCfg = Debug|Any CPU
		{15C3B130-048D-4F96-A182-DE05BB234FB3}.Debug|Any CPU.Build.0 = Debug|Any CPU
		{15C3B130-048D-4F96-A182-DE05BB234FB3}.Release|Any CPU.ActiveCfg = Release|Any CPU
		{15C3B130-048D-4F96-A182-DE05BB234FB3}.Release|Any CPU.Build.0 = Release|Any CPU
	EndGlobalSection
	GlobalSection(SolutionProperties) = preSolution
		HideSolutionNode = FALSE
	EndGlobalSection
	GlobalSection(ExtensibilityGlobals) = postSolution
		SolutionGuid = {BFF4097E-760E-40C1-91B2-82EAEF6BFBEE}
	EndGlobalSection
EndGlobal
